// !$*UTF8*$!
{
	archiveVersion = 1;
	classes = {
	};
	objectVersion = 51;
	objects = {

/* Begin PBXBuildFile section */
		83C3263023D2480D00A673F1 /* AppDelegate.swift in Sources */ = {isa = PBXBuildFile; fileRef = 83C3262F23D2480D00A673F1 /* AppDelegate.swift */; };
		83C3263223D2480D00A673F1 /* SceneDelegate.swift in Sources */ = {isa = PBXBuildFile; fileRef = 83C3263123D2480D00A673F1 /* SceneDelegate.swift */; };
		83C3263423D2480D00A673F1 /* ViewController.swift in Sources */ = {isa = PBXBuildFile; fileRef = 83C3263323D2480D00A673F1 /* ViewController.swift */; };
		83C3263723D2480D00A673F1 /* Main.storyboard in Resources */ = {isa = PBXBuildFile; fileRef = 83C3263523D2480D00A673F1 /* Main.storyboard */; };
		83C3263923D2480E00A673F1 /* Assets.xcassets in Resources */ = {isa = PBXBuildFile; fileRef = 83C3263823D2480E00A673F1 /* Assets.xcassets */; };
		83C3263C23D2480E00A673F1 /* LaunchScreen.storyboard in Resources */ = {isa = PBXBuildFile; fileRef = 83C3263A23D2480E00A673F1 /* LaunchScreen.storyboard */; };
		83F32ED324005C9D00AE532D /* Listado.swift in Sources */ = {isa = PBXBuildFile; fileRef = 83F32ED224005C9D00AE532D /* Listado.swift */; };
		83F32ED52400632B00AE532D /* TableViewController.swift in Sources */ = {isa = PBXBuildFile; fileRef = 83F32ED42400632B00AE532D /* TableViewController.swift */; };
		E35CD05505AD6E509E101466 /* Pods_Agotador.framework in Frameworks */ = {isa = PBXBuildFile; fileRef = E74870F3D230D999C602905D /* Pods_Agotador.framework */; };
/* End PBXBuildFile section */

/* Begin PBXFileReference section */
		83C3262C23D2480D00A673F1 /* Agotador.app */ = {isa = PBXFileReference; explicitFileType = wrapper.application; includeInIndex = 0; path = Agotador.app; sourceTree = BUILT_PRODUCTS_DIR; };
		83C3262F23D2480D00A673F1 /* AppDelegate.swift */ = {isa = PBXFileReference; lastKnownFileType = sourcecode.swift; path = AppDelegate.swift; sourceTree = "<group>"; };
		83C3263123D2480D00A673F1 /* SceneDelegate.swift */ = {isa = PBXFileReference; lastKnownFileType = sourcecode.swift; path = SceneDelegate.swift; sourceTree = "<group>"; };
		83C3263323D2480D00A673F1 /* ViewController.swift */ = {isa = PBXFileReference; lastKnownFileType = sourcecode.swift; path = ViewController.swift; sourceTree = "<group>"; };
		83C3263623D2480D00A673F1 /* Base */ = {isa = PBXFileReference; lastKnownFileType = file.storyboard; name = Base; path = Base.lproj/Main.storyboard; sourceTree = "<group>"; };
		83C3263823D2480E00A673F1 /* Assets.xcassets */ = {isa = PBXFileReference; lastKnownFileType = folder.assetcatalog; path = Assets.xcassets; sourceTree = "<group>"; };
		83C3263B23D2480E00A673F1 /* Base */ = {isa = PBXFileReference; lastKnownFileType = file.storyboard; name = Base; path = Base.lproj/LaunchScreen.storyboard; sourceTree = "<group>"; };
		83C3263D23D2480E00A673F1 /* Info.plist */ = {isa = PBXFileReference; lastKnownFileType = text.plist.xml; path = Info.plist; sourceTree = "<group>"; };
		83F32ED224005C9D00AE532D /* Listado.swift */ = {isa = PBXFileReference; lastKnownFileType = sourcecode.swift; path = Listado.swift; sourceTree = "<group>"; };
		83F32ED42400632B00AE532D /* TableViewController.swift */ = {isa = PBXFileReference; lastKnownFileType = sourcecode.swift; path = TableViewController.swift; sourceTree = "<group>"; };
		97B2E140D967E8B8C0956BEC /* Pods-Agotador.debug.xcconfig */ = {isa = PBXFileReference; includeInIndex = 1; lastKnownFileType = text.xcconfig; name = "Pods-Agotador.debug.xcconfig"; path = "Target Support Files/Pods-Agotador/Pods-Agotador.debug.xcconfig"; sourceTree = "<group>"; };
		E270CD21C6D98E7B35377F24 /* Pods-Agotador.release.xcconfig */ = {isa = PBXFileReference; includeInIndex = 1; lastKnownFileType = text.xcconfig; name = "Pods-Agotador.release.xcconfig"; path = "Target Support Files/Pods-Agotador/Pods-Agotador.release.xcconfig"; sourceTree = "<group>"; };
		E74870F3D230D999C602905D /* Pods_Agotador.framework */ = {isa = PBXFileReference; explicitFileType = wrapper.framework; includeInIndex = 0; path = Pods_Agotador.framework; sourceTree = BUILT_PRODUCTS_DIR; };
/* End PBXFileReference section */

/* Begin PBXFrameworksBuildPhase section */
		83C3262923D2480D00A673F1 /* Frameworks */ = {
			isa = PBXFrameworksBuildPhase;
			buildActionMask = 2147483647;
			files = (
				E35CD05505AD6E509E101466 /* Pods_Agotador.framework in Frameworks */,
			);
			runOnlyForDeploymentPostprocessing = 0;
		};
/* End PBXFrameworksBuildPhase section */

/* Begin PBXGroup section */
		83C3262323D2480D00A673F1 = {
			isa = PBXGroup;
			children = (
				83C3262E23D2480D00A673F1 /* Agotador */,
				83C3262D23D2480D00A673F1 /* Products */,
				AC70ABABD85FE5EA5E3395F9 /* Pods */,
				FB3FCECBC296600085AAF9C1 /* Frameworks */,
			);
			sourceTree = "<group>";
		};
		83C3262D23D2480D00A673F1 /* Products */ = {
			isa = PBXGroup;
			children = (
				83C3262C23D2480D00A673F1 /* Agotador.app */,
			);
			name = Products;
			sourceTree = "<group>";
		};
		83C3262E23D2480D00A673F1 /* Agotador */ = {
			isa = PBXGroup;
			children = (
				83C3262F23D2480D00A673F1 /* AppDelegate.swift */,
				83C3263123D2480D00A673F1 /* SceneDelegate.swift */,
				83C3263323D2480D00A673F1 /* ViewController.swift */,
				83C3263523D2480D00A673F1 /* Main.storyboard */,
				83C3263823D2480E00A673F1 /* Assets.xcassets */,
				83C3263A23D2480E00A673F1 /* LaunchScreen.storyboard */,
				83C3263D23D2480E00A673F1 /* Info.plist */,
				83F32ED224005C9D00AE532D /* Listado.swift */,
				83F32ED42400632B00AE532D /* TableViewController.swift */,
			);
			path = Agotador;
			sourceTree = "<group>";
		};
		AC70ABABD85FE5EA5E3395F9 /* Pods */ = {
			isa = PBXGroup;
			children = (
				97B2E140D967E8B8C0956BEC /* Pods-Agotador.debug.xcconfig */,
				E270CD21C6D98E7B35377F24 /* Pods-Agotador.release.xcconfig */,
			);
			path = Pods;
			sourceTree = "<group>";
		};
		FB3FCECBC296600085AAF9C1 /* Frameworks */ = {
			isa = PBXGroup;
			children = (
				E74870F3D230D999C602905D /* Pods_Agotador.framework */,
			);
			name = Frameworks;
			sourceTree = "<group>";
		};
/* End PBXGroup section */

/* Begin PBXNativeTarget section */
		83C3262B23D2480D00A673F1 /* Agotador */ = {
			isa = PBXNativeTarget;
			buildConfigurationList = 83C3264023D2480E00A673F1 /* Build configuration list for PBXNativeTarget "Agotador" */;
			buildPhases = (
				CB129C1F45137C993FA31901 /* [CP] Check Pods Manifest.lock */,
				83C3262823D2480D00A673F1 /* Sources */,
				83C3262923D2480D00A673F1 /* Frameworks */,
				83C3262A23D2480D00A673F1 /* Resources */,
				B0CD89D882BCFC816DAAA88E /* [CP] Embed Pods Frameworks */,
			);
			buildRules = (
			);
			dependencies = (
			);
			name = Agotador;
			productName = Agotador;
			productReference = 83C3262C23D2480D00A673F1 /* Agotador.app */;
			productType = "com.apple.product-type.application";
		};
/* End PBXNativeTarget section */

/* Begin PBXProject section */
		83C3262423D2480D00A673F1 /* Project object */ = {
			isa = PBXProject;
			attributes = {
				LastSwiftUpdateCheck = 1130;
				LastUpgradeCheck = 1130;
				ORGANIZATIONNAME = relar;
				TargetAttributes = {
					83C3262B23D2480D00A673F1 = {
						CreatedOnToolsVersion = 11.3;
					};
				};
			};
			buildConfigurationList = 83C3262723D2480D00A673F1 /* Build configuration list for PBXProject "Agotador" */;
			compatibilityVersion = "Xcode 9.3";
			developmentRegion = en;
			hasScannedForEncodings = 0;
			knownRegions = (
				en,
				Base,
			);
			mainGroup = 83C3262323D2480D00A673F1;
			productRefGroup = 83C3262D23D2480D00A673F1 /* Products */;
			projectDirPath = "";
			projectRoot = "";
			targets = (
				83C3262B23D2480D00A673F1 /* Agotador */,
			);
		};
/* End PBXProject section */

/* Begin PBXResourcesBuildPhase section */
		83C3262A23D2480D00A673F1 /* Resources */ = {
			isa = PBXResourcesBuildPhase;
			buildActionMask = 2147483647;
			files = (
				83C3263C23D2480E00A673F1 /* LaunchScreen.storyboard in Resources */,
				83C3263923D2480E00A673F1 /* Assets.xcassets in Resources */,
				83C3263723D2480D00A673F1 /* Main.storyboard in Resources */,
			);
			runOnlyForDeploymentPostprocessing = 0;
		};
/* End PBXResourcesBuildPhase section */

/* Begin PBXShellScriptBuildPhase section */
		B0CD89D882BCFC816DAAA88E /* [CP] Embed Pods Frameworks */ = {
			isa = PBXShellScriptBuildPhase;
			buildActionMask = 2147483647;
			files = (
			);
			inputFileListPaths = (
				"${PODS_ROOT}/Target Support Files/Pods-Agotador/Pods-Agotador-frameworks-${CONFIGURATION}-input-files.xcfilelist",
			);
			name = "[CP] Embed Pods Frameworks";
			outputFileListPaths = (
				"${PODS_ROOT}/Target Support Files/Pods-Agotador/Pods-Agotador-frameworks-${CONFIGURATION}-output-files.xcfilelist",
			);
			runOnlyForDeploymentPostprocessing = 0;
			shellPath = /bin/sh;
			shellScript = "\"${PODS_ROOT}/Target Support Files/Pods-Agotador/Pods-Agotador-frameworks.sh\"\n";
			showEnvVarsInLog = 0;
		};
		CB129C1F45137C993FA31901 /* [CP] Check Pods Manifest.lock */ = {
			isa = PBXShellScriptBuildPhase;
			buildActionMask = 2147483647;
			files = (
			);
			inputFileListPaths = (
			);
			inputPaths = (
				"${PODS_PODFILE_DIR_PATH}/Podfile.lock",
				"${PODS_ROOT}/Manifest.lock",
			);
			name = "[CP] Check Pods Manifest.lock";
			outputFileListPaths = (
			);
			outputPaths = (
				"$(DERIVED_FILE_DIR)/Pods-Agotador-checkManifestLockResult.txt",
			);
			runOnlyForDeploymentPostprocessing = 0;
			shellPath = /bin/sh;
			shellScript = "diff \"${PODS_PODFILE_DIR_PATH}/Podfile.lock\" \"${PODS_ROOT}/Manifest.lock\" > /dev/null\nif [ $? != 0 ] ; then\n    # print error to STDERR\n    echo \"error: The sandbox is not in sync with the Podfile.lock. Run 'pod install' or update your CocoaPods installation.\" >&2\n    exit 1\nfi\n# This output is used by Xcode 'outputs' to avoid re-running this script phase.\necho \"SUCCESS\" > \"${SCRIPT_OUTPUT_FILE_0}\"\n";
			showEnvVarsInLog = 0;
		};
/* End PBXShellScriptBuildPhase section */

/* Begin PBXSourcesBuildPhase section */
		83C3262823D2480D00A673F1 /* Sources */ = {
			isa = PBXSourcesBuildPhase;
			buildActionMask = 2147483647;
			files = (
				83C3263423D2480D00A673F1 /* ViewController.swift in Sources */,
				83F32ED52400632B00AE532D /* TableViewController.swift in Sources */,
				83C3263023D2480D00A673F1 /* AppDelegate.swift in Sources */,
				83F32ED324005C9D00AE532D /* Listado.swift in Sources */,
				83C3263223D2480D00A673F1 /* SceneDelegate.swift in Sources */,
			);
			runOnlyForDeploymentPostprocessing = 0;
		};
/* End PBXSourcesBuildPhase section */

/* Begin PBXVariantGroup section */
		83C3263523D2480D00A673F1 /* Main.storyboard */ = {
			isa = PBXVariantGroup;
			children = (
				83C3263623D2480D00A673F1 /* Base */,
			);
			name = Main.storyboard;
			sourceTree = "<group>";
		};
		83C3263A23D2480E00A673F1 /* LaunchScreen.storyboard */ = {
			isa = PBXVariantGroup;
			children = (
				83C3263B23D2480E00A673F1 /* Base */,
			);
			name = LaunchScreen.storyboard;
			sourceTree = "<group>";
		};
/* End PBXVariantGroup section */

/* Begin XCBuildConfiguration section */
		83C3263E23D2480E00A673F1 /* Debug */ = {
			isa = XCBuildConfiguration;
			buildSettings = {
				ALWAYS_SEARCH_USER_PATHS = NO;
				CLANG_ANALYZER_NONNULL = YES;
				CLANG_ANALYZER_NUMBER_OBJECT_CONVERSION = YES_AGGRESSIVE;
				CLANG_CXX_LANGUAGE_STANDARD = "gnu++14";
				CLANG_CXX_LIBRARY = "libc++";
				CLANG_ENABLE_MODULES = YES;
				CLANG_ENABLE_OBJC_ARC = YES;
				CLANG_ENABLE_OBJC_WEAK = YES;
				CLANG_WARN_BLOCK_CAPTURE_AUTORELEASING = YES;
				CLANG_WARN_BOOL_CONVERSION = YES;
				CLANG_WARN_COMMA = YES;
				CLANG_WARN_CONSTANT_CONVERSION = YES;
				CLANG_WARN_DEPRECATED_OBJC_IMPLEMENTATIONS = YES;
				CLANG_WARN_DIRECT_OBJC_ISA_USAGE = YES_ERROR;
				CLANG_WARN_DOCUMENTATION_COMMENTS = YES;
				CLANG_WARN_EMPTY_BODY = YES;
				CLANG_WARN_ENUM_CONVERSION = YES;
				CLANG_WARN_INFINITE_RECURSION = YES;
				CLANG_WARN_INT_CONVERSION = YES;
				CLANG_WARN_NON_LITERAL_NULL_CONVERSION = YES;
				CLANG_WARN_OBJC_IMPLICIT_RETAIN_SELF = YES;
				CLANG_WARN_OBJC_LITERAL_CONVERSION = YES;
				CLANG_WARN_OBJC_ROOT_CLASS = YES_ERROR;
				CLANG_WARN_RANGE_LOOP_ANALYSIS = YES;
				CLANG_WARN_STRICT_PROTOTYPES = YES;
				CLANG_WARN_SUSPICIOUS_MOVE = YES;
				CLANG_WARN_UNGUARDED_AVAILABILITY = YES_AGGRESSIVE;
				CLANG_WARN_UNREACHABLE_CODE = YES;
				CLANG_WARN__DUPLICATE_METHOD_MATCH = YES;
				COPY_PHASE_STRIP = NO;
				DEBUG_INFORMATION_FORMAT = dwarf;
				ENABLE_STRICT_OBJC_MSGSEND = YES;
				ENABLE_TESTABILITY = YES;
				GCC_C_LANGUAGE_STANDARD = gnu11;
				GCC_DYNAMIC_NO_PIC = NO;
				GCC_NO_COMMON_BLOCKS = YES;
				GCC_OPTIMIZATION_LEVEL = 0;
				GCC_PREPROCESSOR_DEFINITIONS = (
					"DEBUG=1",
					"$(inherited)",
				);
				GCC_WARN_64_TO_32_BIT_CONVERSION = YES;
				GCC_WARN_ABOUT_RETURN_TYPE = YES_ERROR;
				GCC_WARN_UNDECLARED_SELECTOR = YES;
				GCC_WARN_UNINITIALIZED_AUTOS = YES_AGGRESSIVE;
				GCC_WARN_UNUSED_FUNCTION = YES;
				GCC_WARN_UNUSED_VARIABLE = YES;
				IPHONEOS_DEPLOYMENT_TARGET = 13.2;
				MTL_ENABLE_DEBUG_INFO = INCLUDE_SOURCE;
				MTL_FAST_MATH = YES;
				ONLY_ACTIVE_ARCH = YES;
				SDKROOT = iphoneos;
				SWIFT_ACTIVE_COMPILATION_CONDITIONS = DEBUG;
				SWIFT_OPTIMIZATION_LEVEL = "-Onone";
			};
			name = Debug;
		};
		83C3263F23D2480E00A673F1 /* Release */ = {
			isa = XCBuildConfiguration;
			buildSettings = {
				ALWAYS_SEARCH_USER_PATHS = NO;
				CLANG_ANALYZER_NONNULL = YES;
				CLANG_ANALYZER_NUMBER_OBJECT_CONVERSION = YES_AGGRESSIVE;
				CLANG_CXX_LANGUAGE_STANDARD = "gnu++14";
				CLANG_CXX_LIBRARY = "libc++";
				CLANG_ENABLE_MODULES = YES;
				CLANG_ENABLE_OBJC_ARC = YES;
				CLANG_ENABLE_OBJC_WEAK = YES;
				CLANG_WARN_BLOCK_CAPTURE_AUTORELEASING = YES;
				CLANG_WARN_BOOL_CONVERSION = YES;
				CLANG_WARN_COMMA = YES;
				CLANG_WARN_CONSTANT_CONVERSION = YES;
				CLANG_WARN_DEPRECATED_OBJC_IMPLEMENTATIONS = YES;
				CLANG_WARN_DIRECT_OBJC_ISA_USAGE = YES_ERROR;
				CLANG_WARN_DOCUMENTATION_COMMENTS = YES;
				CLANG_WARN_EMPTY_BODY = YES;
				CLANG_WARN_ENUM_CONVERSION = YES;
				CLANG_WARN_INFINITE_RECURSION = YES;
				CLANG_WARN_INT_CONVERSION = YES;
				CLANG_WARN_NON_LITERAL_NULL_CONVERSION = YES;
				CLANG_WARN_OBJC_IMPLICIT_RETAIN_SELF = YES;
				CLANG_WARN_OBJC_LITERAL_CONVERSION = YES;
				CLANG_WARN_OBJC_ROOT_CLASS = YES_ERROR;
				CLANG_WARN_RANGE_LOOP_ANALYSIS = YES;
				CLANG_WARN_STRICT_PROTOTYPES = YES;
				CLANG_WARN_SUSPICIOUS_MOVE = YES;
				CLANG_WARN_UNGUARDED_AVAILABILITY = YES_AGGRESSIVE;
				CLANG_WARN_UNREACHABLE_CODE = YES;
				CLANG_WARN__DUPLICATE_METHOD_MATCH = YES;
				COPY_PHASE_STRIP = NO;
				DEBUG_INFORMATION_FORMAT = "dwarf-with-dsym";
				ENABLE_NS_ASSERTIONS = NO;
				ENABLE_STRICT_OBJC_MSGSEND = YES;
				GCC_C_LANGUAGE_STANDARD = gnu11;
				GCC_NO_COMMON_BLOCKS = YES;
				GCC_WARN_64_TO_32_BIT_CONVERSION = YES;
				GCC_WARN_ABOUT_RETURN_TYPE = YES_ERROR;
				GCC_WARN_UNDECLARED_SELECTOR = YES;
				GCC_WARN_UNINITIALIZED_AUTOS = YES_AGGRESSIVE;
				GCC_WARN_UNUSED_FUNCTION = YES;
				GCC_WARN_UNUSED_VARIABLE = YES;
				IPHONEOS_DEPLOYMENT_TARGET = 13.2;
				MTL_ENABLE_DEBUG_INFO = NO;
				MTL_FAST_MATH = YES;
				SDKROOT = iphoneos;
				SWIFT_COMPILATION_MODE = wholemodule;
				SWIFT_OPTIMIZATION_LEVEL = "-O";
				VALIDATE_PRODUCT = YES;
			};
			name = Release;
		};
		83C3264123D2480E00A673F1 /* Debug */ = {
			isa = XCBuildConfiguration;
			baseConfigurationReference = 97B2E140D967E8B8C0956BEC /* Pods-Agotador.debug.xcconfig */;
			buildSettings = {
				ASSETCATALOG_COMPILER_APPICON_NAME = AppIcon;
				CODE_SIGN_STYLE = Automatic;
				INFOPLIST_FILE = Agotador/Info.plist;
				LD_RUNPATH_SEARCH_PATHS = (
					"$(inherited)",
					"@executable_path/Frameworks",
				);
				PRODUCT_BUNDLE_IDENTIFIER = es.organizacion.Agotador;
				PRODUCT_NAME = "$(TARGET_NAME)";
				SWIFT_VERSION = 5.0;
				TARGETED_DEVICE_FAMILY = "1,2";
			};
			name = Debug;
		};
		83C3264223D2480E00A673F1 /* Release */ = {
			isa = XCBuildConfiguration;
			baseConfigurationReference = E270CD21C6D98E7B35377F24 /* Pods-Agotador.release.xcconfig */;
			buildSettings = {
				ASSETCATALOG_COMPILER_APPICON_NAME = AppIcon;
				CODE_SIGN_STYLE = Automatic;
				INFOPLIST_FILE = Agotador/Info.plist;
				LD_RUNPATH_SEARCH_PATHS = (
					"$(inherited)",
					"@executable_path/Frameworks",
				);
				PRODUCT_BUNDLE_IDENTIFIER = es.organizacion.Agotador;
				PRODUCT_NAME = "$(TARGET_NAME)";
				SWIFT_VERSION = 5.0;
				TARGETED_DEVICE_FAMILY = "1,2";
			};
			name = Release;
		};
/* End XCBuildConfiguration section */

/* Begin XCConfigurationList section */
		83C3262723D2480D00A673F1 /* Build configuration list for PBXProject "Agotador" */ = {
			isa = XCConfigurationList;
			buildConfigurations = (
				83C3263E23D2480E00A673F1 /* Debug */,
				83C3263F23D2480E00A673F1 /* Release */,
			);
			defaultConfigurationIsVisible = 0;
			defaultConfigurationName = Release;
		};
		83C3264023D2480E00A673F1 /* Build configuration list for PBXNativeTarget "Agotador" */ = {
			isa = XCConfigurationList;
			buildConfigurations = (
				83C3264123D2480E00A673F1 /* Debug */,
				83C3264223D2480E00A673F1 /* Release */,
			);
			defaultConfigurationIsVisible = 0;
			defaultConfigurationName = Release;
		};
/* End XCConfigurationList section */
	};
	rootObject = 83C3262423D2480D00A673F1 /* Project object */;
}
